
Microsoft Visual Studio Solution File, Format Version 12.00
# Visual Studio Version 16
VisualStudioVersion = 16.0.30907.101
MinimumVisualStudioVersion = 10.0.40219.1
Project("{9A19103F-16F7-4668-BE54-9A1E7A4F7556}") = "DataAccess", "DataAccess\DataAccess.csproj", "{E7EFD7EF-3AD2-4DBA-918F-125C11DC5DA7}"
EndProject
Project("{9A19103F-16F7-4668-BE54-9A1E7A4F7556}") = "ConsoleUI", "ConsoleUI\ConsoleUI.csproj", "{6A6E8560-2F34-4C1A-93C2-6EF89D2E8959}"
EndProject
Project("{9A19103F-16F7-4668-BE54-9A1E7A4F7556}") = "Entities", "Entities\Entities.csproj", "{E762D089-4593-4031-9B65-6E708AAA0A4B}"
EndProject
Project("{9A19103F-16F7-4668-BE54-9A1E7A4F7556}") = "Business", "Business\Business.csproj", "{D79FA6BE-E55A-4BD9-B1F3-A3D0F14372FD}"
EndProject
Project("{FAE04EC0-301F-11D3-BF4B-00C04F79EFBC}") = "Core", "Core\Core.csproj", "{CD96D5B5-0E17-496F-ABE9-8451D49D94AAE}"
EndProject
Global
	GlobalSection(SolutionConfigurationPlatforms) = preSolution
		Debug|Any CPU = Debug|Any CPU
		Release|Any CPU = Release|Any CPU
	EndGlobalSection
	GlobalSection(ProjectConfigurationPlatforms) = postSolution
		{E7EFD7EF-3AD2-4DBA-918F-125C11DC5DA7}.Debug|Any CPU.ActiveCfg = Debug|Any CPU
		{E7EFD7EF-3AD2-4DBA-918F-125C11DC5DA7}.Debug|Any CPU.Build.0 = Debug|Any CPU
		{E7EFD7EF-3AD2-4DBA-918F-125C11DC5DA7}.Release|Any CPU.ActiveCfg = Release|Any CPU
		{E7EFD7EF-3AD2-4DBA-918F-125C11DC5DA7}.Release|Any CPU.Build.0 = Release|Any CPU
		{6A6E8560-2F34-4C1A-93C2-6EF89D2E8959}.Debug|Any CPU.ActiveCfg = Debug|Any CPU
		{6A6E8560-2F34-4C1A-93C2-6EF89D2E8959}.Debug|Any CPU.Build.0 = Debug|Any CPU
		{6A6E8560-2F34-4C1A-93C2-6EF89D2E8959}.Release|Any CPU.ActiveCfg = Release|Any CPU
		{6A6E8560-2F34-4C1A-93C2-6EF89D2E8959}.Release|Any CPU.Build.0 = Release|Any CPU
		{E762D089-4593-4031-9B65-6E708AAA0A4B}.Debug|Any CPU.ActiveCfg = Debug|Any CPU
		{E762D089-4593-4031-9B65-6E708AAA0A4B}.Debug|Any CPU.Build.0 = Debug|Any CPU
		{E762D089-4593-4031-9B65-6E708AAA0A4B}.Release|Any CPU.ActiveCfg = Release|Any CPU
		{E762D089-4593-4031-9B65-6E708AAA0A4B}.Release|Any CPU.Build.0 = Release|Any CPU
		{D79FA6BE-E55A-4BD9-B1F3-A3D0F14372FD}.Debug|Any CPU.ActiveCfg = Debug|Any CPU
		{D79FA6BE-E55A-4BD9-B1F3-A3D0F14372FD}.Debug|Any CPU.Build.0 = Debug|Any CPU
		{D79FA6BE-E55A-4BD9-B1F3-A3D0F14372FD}.Release|Any CPU.ActiveCfg = Release|Any CPU
		{D79FA6BE-E55A-4BD9-B1F3-A3D0F14372FD}.Release|Any CPU.Build.0 = Release|Any CPU
		{CD96D5B5-0E17-496F-ABE9-8451D49D94AA}.Debug|Any CPU.ActiveCfg = Debug|Any CPU
		{CD96D5B5-0E17-496F-ABE9-8451D49D94AA}.Debug|Any CPU.Build.0 = Debug|Any CPU
		{CD96D5B5-0E17-496F-ABE9-8451D49D94AA}.Release|Any CPU.ActiveCfg = Release|Any CPU
		{CD96D5B5-0E17-496F-ABE9-8451D49D94AA}.Release|Any CPU.Build.0 = Release|Any CPU
	EndGlobalSection
	GlobalSection(SolutionProperties) = preSolution
		HideSolutionNode = FALSE
	EndGlobalSection
	GlobalSection(ExtensibilityGlobals) = postSolution
		SolutionGuid = {20DC82CC-AF4F-42D8-929A-DD0F0671A396}
	EndGlobalSection
EndGlobal
