
Microsoft Visual Studio Solution File, Format Version 12.00
# Visual Studio Version 16
VisualStudioVersion = 16.0.30907.101
MinimumVisualStudioVersion = 10.0.40219.1
Project("{9A19103F-16F7-4668-BE54-9A1E7A4F7556}") = "ConsoleUI", "ConsoleUI.csproj", "{ABCED333-7CFD-40DB-9053-12E7967B826B}"
EndProject
Global
	GlobalSection(SolutionConfigurationPlatforms) = preSolution
		Debug|Any CPU = Debug|Any CPU
		Release|Any CPU = Release|Any CPU
	EndGlobalSection
	GlobalSection(ProjectConfigurationPlatforms) = postSolution
		{ABCED333-7CFD-40DB-9053-12E7967B826B}.Debug|Any CPU.ActiveCfg = Debug|Any CPU
		{ABCED333-7CFD-40DB-9053-12E7967B826B}.Debug|Any CPU.Build.0 = Debug|Any CPU
		{ABCED333-7CFD-40DB-9053-12E7967B826B}.Release|Any CPU.ActiveCfg = Release|Any CPU
		{ABCED333-7CFD-40DB-9053-12E7967B826B}.Release|Any CPU.Build.0 = Release|Any CPU
	EndGlobalSection
	GlobalSection(SolutionProperties) = preSolution
		HideSolutionNode = FALSE
	EndGlobalSection
	GlobalSection(ExtensibilityGlobals) = postSolution
		SolutionGuid = {57C3BFF8-AE1E-4A13-ABDB-2F552D57C141}
	EndGlobalSection
EndGlobal
